
Microsoft Visual Studio Solution File, Format Version 12.00
# Visual Studio Version 17
VisualStudioVersion = 17.11.35327.3
MinimumVisualStudioVersion = 10.0.40219.1
Project("{FAE04EC0-301F-11D3-BF4B-00C04F79EFBC}") = "RESTCD", "RESTCD\RESTCD.csproj", "{CC5791D7-6B43-442A-B845-AF699FEFA822}"
EndProject
Global
	GlobalSection(SolutionConfigurationPlatforms) = preSolution
		Debug|Any CPU = Debug|Any CPU
		Release|Any CPU = Release|Any CPU
	EndGlobalSection
	GlobalSection(ProjectConfigurationPlatforms) = postSolution
		{CC5791D7-6B43-442A-B845-AF699FEFA822}.Debug|Any CPU.ActiveCfg = Debug|Any CPU
		{CC5791D7-6B43-442A-B845-AF699FEFA822}.Debug|Any CPU.Build.0 = Debug|Any CPU
		{CC5791D7-6B43-442A-B845-AF699FEFA822}.Release|Any CPU.ActiveCfg = Release|Any CPU
		{CC5791D7-6B43-442A-B845-AF699FEFA822}.Release|Any CPU.Build.0 = Release|Any CPU
	EndGlobalSection
	GlobalSection(SolutionProperties) = preSolution
		HideSolutionNode = FALSE
	EndGlobalSection
	GlobalSection(ExtensibilityGlobals) = postSolution
		SolutionGuid = {87639B78-69C3-4F19-A05F-348B51E4CE5F}
	EndGlobalSection
EndGlobal
